{
  "name": "shyffon",
  "version": "1.0.0",
  "lockfileVersion": 2,
  "requires": true,
  "packages": {
    "": {
      "name": "shyffon",
      "version": "1.0.0",
      "license": "ISC",
      "dependencies": {
        "@fortawesome/fontawesome-free": "^6.5.2",
        "datatables.net-zf": "^2.0.8",
        "foundation-datepicker": "^1.5.6",
        "foundation-sites": "^6.8.1",
        "jquery": "^3.7.1",
        "jquery-datatables-checkboxes": "^1.2.14",
        "jquery-migrate": "^3.4.1",
        "promise-polyfill": "^8.3.0",
        "sweetalert2": "11.11.1",
        "what-input": "^5.2.12"
      }
    },
    "node_modules/@fortawesome/fontawesome-free": {
      "version": "6.5.2",
      "resolved": "https://registry.npmjs.org/@fortawesome/fontawesome-free/-/fontawesome-free-6.5.2.tgz",
      "integrity": "sha512-hRILoInAx8GNT5IMkrtIt9blOdrqHOnPBH+k70aWUAqPZPgopb9G5EQJFpaBx/S8zp2fC+mPW349Bziuk1o28Q==",
      "hasInstallScript": true,
      "engines": {
        "node": ">=6"
      }
    },
    "node_modules/datatables.net": {
      "version": "2.0.8",
      "resolved": "https://registry.npmjs.org/datatables.net/-/datatables.net-2.0.8.tgz",
      "integrity": "sha512-4/2dYx4vl975zQqZbyoVEm0huPe61qffjBRby7K7V+y9E+ORq4R8KavkgrNMmIgO6cl85Pg4AvCbVjvPCIT1Yg==",
      "dependencies": {
        "jquery": ">=1.7"
      }
    },
    "node_modules/datatables.net-zf": {
      "version": "2.0.8",
      "resolved": "https://registry.npmjs.org/datatables.net-zf/-/datatables.net-zf-2.0.8.tgz",
      "integrity": "sha512-cwwmjCJ/ZQTi5IpnfRkcFA4gpHv8eopVvlCtyh1kwIGzUp/fLQAVQEmzVzWrI15Ool43o5pc/qqbzMtqGcz9Lw==",
      "dependencies": {
        "datatables.net": "2.0.8",
        "jquery": ">=1.7"
      }
    },
    "node_modules/foundation-datepicker": {
      "version": "1.5.6",
      "resolved": "https://registry.npmjs.org/foundation-datepicker/-/foundation-datepicker-1.5.6.tgz",
      "integrity": "sha512-f7kAGWJ/NLIStXBeO+bz5jokPZDYBXr30vWDKdmBM+aAoLb5yEM6TO7NwXd4QRKvmUi9F79ZFy+5wQexmIoiDQ=="
    },
    "node_modules/foundation-sites": {
      "version": "6.8.1",
      "resolved": "https://registry.npmjs.org/foundation-sites/-/foundation-sites-6.8.1.tgz",
      "integrity": "sha512-9JAuLqVgzf7EIRUqVKeYN68dU/SGe0aNJPgnejdfJKSWnBFdQLF3Zvy9WEQ1gE/gnyvwG3Ia3LkkEd9774n0bQ==",
      "engines": {
        "node": ">=16.0"
      },
      "peerDependencies": {
        "jquery": ">=3.6.0",
        "motion-ui": "latest",
        "what-input": ">=5.2.10"
      }
    },
    "node_modules/jquery": {
      "version": "3.7.1",
      "resolved": "https://registry.npmjs.org/jquery/-/jquery-3.7.1.tgz",
      "integrity": "sha512-m4avr8yL8kmFN8psrbFFFmB/If14iN5o9nw/NgnnM+kybDJpRsAynV2BsfpTYrTRysYUdADVD7CkUUizgkpLfg=="
    },
    "node_modules/jquery-datatables-checkboxes": {
      "version": "1.2.14",
      "resolved": "https://registry.npmjs.org/jquery-datatables-checkboxes/-/jquery-datatables-checkboxes-1.2.14.tgz",
      "integrity": "sha512-99B6PmS3ZdinDyqF5vBiykd8B+NohHRBBs/a5/hrYRlsBxbWqQ2KtigSvAc2qFdxPOyrcCV75nWBYnlrtdCGgg==",
      "dependencies": {
        "datatables.net": ">=1.10.8",
        "jquery": ">=1.7"
      }
    },
    "node_modules/jquery-migrate": {
      "version": "3.4.1",
      "resolved": "https://registry.npmjs.org/jquery-migrate/-/jquery-migrate-3.4.1.tgz",
      "integrity": "sha512-6RaV23lLAYccu8MtLfy2sIxOvx+bulnWHm/pvffAi7KOzPk1sN9IYglpkl1ZNCj1FSgSNDPS2fSZ1hWsXc200Q==",
      "peerDependencies": {
        "jquery": ">=3 <4"
      }
    },
    "node_modules/motion-ui": {
      "version": "2.0.5",
      "resolved": "https://registry.npmjs.org/motion-ui/-/motion-ui-2.0.5.tgz",
      "integrity": "sha512-MJs4dS7/bSnJ92X5IB4bTIif6SwqwEDbX1F/eiUGSzIVhVTl4UqD8xr8ygg01dXZrpPrDjjUNoVkB8vT+PaY/g==",
      "peer": true,
      "peerDependencies": {
        "jquery": ">=3.6.0"
      }
    },
    "node_modules/promise-polyfill": {
      "version": "8.3.0",
      "resolved": "https://registry.npmjs.org/promise-polyfill/-/promise-polyfill-8.3.0.tgz",
      "integrity": "sha512-H5oELycFml5yto/atYqmjyigJoAo3+OXwolYiH7OfQuYlAqhxNvTfiNMbV9hsC6Yp83yE5r2KTVmtrG6R9i6Pg=="
    },
    "node_modules/sweetalert2": {
      "version": "11.11.1",
      "resolved": "https://registry.npmjs.org/sweetalert2/-/sweetalert2-11.11.1.tgz",
      "integrity": "sha512-7jumu0I0/QdRa5R7K1mh05ZdhmsMV6rZOVtjpratZGidxyJD4Sn7rDSA+zmKHzvMef9hVTwPmDU3VxnvhVQMNg==",
      "funding": {
        "type": "individual",
        "url": "https://github.com/sponsors/limonte"
      }
    },
    "node_modules/what-input": {
      "version": "5.2.12",
      "resolved": "https://registry.npmjs.org/what-input/-/what-input-5.2.12.tgz",
      "integrity": "sha512-3yrSa7nGSXGJS6wZeSkO6VNm95pB1mZ9i3wFzC1hhY7mn4/afue/MvXz04OXNdBC8bfo4AB4RRd3Dem9jXM58Q=="
    }
  },
  "dependencies": {
    "@fortawesome/fontawesome-free": {
      "version": "6.5.2",
      "resolved": "https://registry.npmjs.org/@fortawesome/fontawesome-free/-/fontawesome-free-6.5.2.tgz",
      "integrity": "sha512-hRILoInAx8GNT5IMkrtIt9blOdrqHOnPBH+k70aWUAqPZPgopb9G5EQJFpaBx/S8zp2fC+mPW349Bziuk1o28Q=="
    },
    "datatables.net": {
      "version": "2.0.8",
      "resolved": "https://registry.npmjs.org/datatables.net/-/datatables.net-2.0.8.tgz",
      "integrity": "sha512-4/2dYx4vl975zQqZbyoVEm0huPe61qffjBRby7K7V+y9E+ORq4R8KavkgrNMmIgO6cl85Pg4AvCbVjvPCIT1Yg==",
      "requires": {
        "jquery": ">=1.7"
      }
    },
    "datatables.net-zf": {
      "version": "2.0.8",
      "resolved": "https://registry.npmjs.org/datatables.net-zf/-/datatables.net-zf-2.0.8.tgz",
      "integrity": "sha512-cwwmjCJ/ZQTi5IpnfRkcFA4gpHv8eopVvlCtyh1kwIGzUp/fLQAVQEmzVzWrI15Ool43o5pc/qqbzMtqGcz9Lw==",
      "requires": {
        "datatables.net": "2.0.8",
        "jquery": ">=1.7"
      }
    },
    "foundation-datepicker": {
      "version": "1.5.6",
      "resolved": "https://registry.npmjs.org/foundation-datepicker/-/foundation-datepicker-1.5.6.tgz",
      "integrity": "sha512-f7kAGWJ/NLIStXBeO+bz5jokPZDYBXr30vWDKdmBM+aAoLb5yEM6TO7NwXd4QRKvmUi9F79ZFy+5wQexmIoiDQ=="
    },
    "foundation-sites": {
      "version": "6.8.1",
      "resolved": "https://registry.npmjs.org/foundation-sites/-/foundation-sites-6.8.1.tgz",
      "integrity": "sha512-9JAuLqVgzf7EIRUqVKeYN68dU/SGe0aNJPgnejdfJKSWnBFdQLF3Zvy9WEQ1gE/gnyvwG3Ia3LkkEd9774n0bQ==",
      "requires": {}
    },
    "jquery": {
      "version": "3.7.1",
      "resolved": "https://registry.npmjs.org/jquery/-/jquery-3.7.1.tgz",
      "integrity": "sha512-m4avr8yL8kmFN8psrbFFFmB/If14iN5o9nw/NgnnM+kybDJpRsAynV2BsfpTYrTRysYUdADVD7CkUUizgkpLfg=="
    },
    "jquery-datatables-checkboxes": {
      "version": "1.2.14",
      "resolved": "https://registry.npmjs.org/jquery-datatables-checkboxes/-/jquery-datatables-checkboxes-1.2.14.tgz",
      "integrity": "sha512-99B6PmS3ZdinDyqF5vBiykd8B+NohHRBBs/a5/hrYRlsBxbWqQ2KtigSvAc2qFdxPOyrcCV75nWBYnlrtdCGgg==",
      "requires": {
        "datatables.net": ">=1.10.8",
        "jquery": ">=1.7"
      }
    },
    "jquery-migrate": {
      "version": "3.4.1",
      "resolved": "https://registry.npmjs.org/jquery-migrate/-/jquery-migrate-3.4.1.tgz",
      "integrity": "sha512-6RaV23lLAYccu8MtLfy2sIxOvx+bulnWHm/pvffAi7KOzPk1sN9IYglpkl1ZNCj1FSgSNDPS2fSZ1hWsXc200Q==",
      "requires": {}
    },
    "motion-ui": {
      "version": "2.0.5",
      "resolved": "https://registry.npmjs.org/motion-ui/-/motion-ui-2.0.5.tgz",
      "integrity": "sha512-MJs4dS7/bSnJ92X5IB4bTIif6SwqwEDbX1F/eiUGSzIVhVTl4UqD8xr8ygg01dXZrpPrDjjUNoVkB8vT+PaY/g==",
      "peer": true,
      "requires": {}
    },
    "promise-polyfill": {
      "version": "8.3.0",
      "resolved": "https://registry.npmjs.org/promise-polyfill/-/promise-polyfill-8.3.0.tgz",
      "integrity": "sha512-H5oELycFml5yto/atYqmjyigJoAo3+OXwolYiH7OfQuYlAqhxNvTfiNMbV9hsC6Yp83yE5r2KTVmtrG6R9i6Pg=="
    },
    "sweetalert2": {
      "version": "11.11.1",
      "resolved": "https://registry.npmjs.org/sweetalert2/-/sweetalert2-11.11.1.tgz",
      "integrity": "sha512-7jumu0I0/QdRa5R7K1mh05ZdhmsMV6rZOVtjpratZGidxyJD4Sn7rDSA+zmKHzvMef9hVTwPmDU3VxnvhVQMNg=="
    },
    "what-input": {
      "version": "5.2.12",
      "resolved": "https://registry.npmjs.org/what-input/-/what-input-5.2.12.tgz",
      "integrity": "sha512-3yrSa7nGSXGJS6wZeSkO6VNm95pB1mZ9i3wFzC1hhY7mn4/afue/MvXz04OXNdBC8bfo4AB4RRd3Dem9jXM58Q=="
    }
  }
}
