{
  "name": "shyffon",
  "version": "1.0.0",
  "lockfileVersion": 2,
  "requires": true,
  "packages": {
    "": {
      "name": "shyffon",
      "version": "1.0.0",
      "license": "ISC",
      "dependencies": {
        "@fortawesome/fontawesome-free": "^5.15.3",
        "datatables.net-zf": "^1.10.24",
        "foundation-datepicker": "^1.5.6",
        "foundation-sites": "^6.6.3",
        "jquery": "^3.6.0",
        "jquery-migrate": "^3.3.2",
        "promise-polyfill": "^8.2.0",
        "sweetalert2": "10.16.9",
        "what-input": "^5.2.10"
      }
    },
    "node_modules/@fortawesome/fontawesome-free": {
      "version": "5.15.4",
      "resolved": "https://registry.npmjs.org/@fortawesome/fontawesome-free/-/fontawesome-free-5.15.4.tgz",
      "integrity": "sha512-eYm8vijH/hpzr/6/1CJ/V/Eb1xQFW2nnUKArb3z+yUWv7HTwj6M7SP957oMjfZjAHU6qpoNc2wQvIxBLWYa/Jg==",
      "hasInstallScript": true,
      "engines": {
        "node": ">=6"
      }
    },
    "node_modules/datatables.net": {
      "version": "1.13.2",
      "resolved": "https://registry.npmjs.org/datatables.net/-/datatables.net-1.13.2.tgz",
      "integrity": "sha512-u5nOU+C9SBp1SyPmd6G+niozZtrBwo1E8xzdOk3JJaAkFYgX/KxF3Gd79R8YLbUfmIs2OLnLe5gaz/qs5U8UDA==",
      "dependencies": {
        "jquery": ">=1.7"
      }
    },
    "node_modules/datatables.net-zf": {
      "version": "1.13.2",
      "resolved": "https://registry.npmjs.org/datatables.net-zf/-/datatables.net-zf-1.13.2.tgz",
      "integrity": "sha512-yV84fkKOUSVkeXSbKStFf7iWLsNU9ZjTRb1TLPLSvTJS67z7ZzgcCqApVw0iqzQyS4XGQeRZBYNRHlEyO/KObQ==",
      "dependencies": {
        "datatables.net": ">=1.12.1",
        "jquery": ">=1.7"
      }
    },
    "node_modules/foundation-datepicker": {
      "version": "1.5.6",
      "resolved": "https://registry.npmjs.org/foundation-datepicker/-/foundation-datepicker-1.5.6.tgz",
      "integrity": "sha512-f7kAGWJ/NLIStXBeO+bz5jokPZDYBXr30vWDKdmBM+aAoLb5yEM6TO7NwXd4QRKvmUi9F79ZFy+5wQexmIoiDQ=="
    },
    "node_modules/foundation-sites": {
      "version": "6.7.5",
      "resolved": "https://registry.npmjs.org/foundation-sites/-/foundation-sites-6.7.5.tgz",
      "integrity": "sha512-MEjAENdF/IV2XQvlQmg20o+iDTyyWu0N/j440e8fKbEylbKxARzgg5S7vcnxtjukC1Lqg+rRm7ZDSSyGhVVoUQ==",
      "engines": {
        "node": ">=12.0"
      },
      "peerDependencies": {
        "jquery": ">=3.6.0",
        "motion-ui": "latest",
        "what-input": ">=5.2.10"
      }
    },
    "node_modules/jquery": {
      "version": "3.6.3",
      "resolved": "https://registry.npmjs.org/jquery/-/jquery-3.6.3.tgz",
      "integrity": "sha512-bZ5Sy3YzKo9Fyc8wH2iIQK4JImJ6R0GWI9kL1/k7Z91ZBNgkRXE6U0JfHIizZbort8ZunhSI3jw9I6253ahKfg=="
    },
    "node_modules/jquery-migrate": {
      "version": "3.4.0",
      "resolved": "https://registry.npmjs.org/jquery-migrate/-/jquery-migrate-3.4.0.tgz",
      "integrity": "sha512-K0W02EhZyqjVpyF5pdi+t238cIfQACzMsXiX4AEfEOxPPfiZZFzf3brtFY21FOOEPiWZF4mH04TXHDE6e2YDyg==",
      "peerDependencies": {
        "jquery": ">=3 <4"
      }
    },
    "node_modules/motion-ui": {
      "version": "2.0.4",
      "resolved": "https://registry.npmjs.org/motion-ui/-/motion-ui-2.0.4.tgz",
      "integrity": "sha512-7GjtcXXqRHUQGH9Gm8KLbvx9sz5tNGlftsaJ/J5d4q33PzfgKnUm+OynDji4VR3fiZXPT3nMkzBQlZsifYTIOg==",
      "peer": true,
      "peerDependencies": {
        "jquery": ">=2.2.0"
      }
    },
    "node_modules/promise-polyfill": {
      "version": "8.3.0",
      "resolved": "https://registry.npmjs.org/promise-polyfill/-/promise-polyfill-8.3.0.tgz",
      "integrity": "sha512-H5oELycFml5yto/atYqmjyigJoAo3+OXwolYiH7OfQuYlAqhxNvTfiNMbV9hsC6Yp83yE5r2KTVmtrG6R9i6Pg=="
    },
    "node_modules/sweetalert2": {
      "version": "10.16.9",
      "resolved": "https://registry.npmjs.org/sweetalert2/-/sweetalert2-10.16.9.tgz",
      "integrity": "sha512-oNe+md5tmmS3fGfVHa7gVPlun7Td2oANSacnZCeghnrr3OHBi6UPVPU+GFrymwaDqwQspACilLRmRnM7aTjNPA==",
      "funding": {
        "url": "https://sweetalert2.github.io/#donations"
      }
    },
    "node_modules/what-input": {
      "version": "5.2.12",
      "resolved": "https://registry.npmjs.org/what-input/-/what-input-5.2.12.tgz",
      "integrity": "sha512-3yrSa7nGSXGJS6wZeSkO6VNm95pB1mZ9i3wFzC1hhY7mn4/afue/MvXz04OXNdBC8bfo4AB4RRd3Dem9jXM58Q=="
    }
  },
  "dependencies": {
    "@fortawesome/fontawesome-free": {
      "version": "5.15.4",
      "resolved": "https://registry.npmjs.org/@fortawesome/fontawesome-free/-/fontawesome-free-5.15.4.tgz",
      "integrity": "sha512-eYm8vijH/hpzr/6/1CJ/V/Eb1xQFW2nnUKArb3z+yUWv7HTwj6M7SP957oMjfZjAHU6qpoNc2wQvIxBLWYa/Jg=="
    },
    "datatables.net": {
      "version": "1.13.2",
      "resolved": "https://registry.npmjs.org/datatables.net/-/datatables.net-1.13.2.tgz",
      "integrity": "sha512-u5nOU+C9SBp1SyPmd6G+niozZtrBwo1E8xzdOk3JJaAkFYgX/KxF3Gd79R8YLbUfmIs2OLnLe5gaz/qs5U8UDA==",
      "requires": {
        "jquery": ">=1.7"
      }
    },
    "datatables.net-zf": {
      "version": "1.13.2",
      "resolved": "https://registry.npmjs.org/datatables.net-zf/-/datatables.net-zf-1.13.2.tgz",
      "integrity": "sha512-yV84fkKOUSVkeXSbKStFf7iWLsNU9ZjTRb1TLPLSvTJS67z7ZzgcCqApVw0iqzQyS4XGQeRZBYNRHlEyO/KObQ==",
      "requires": {
        "datatables.net": ">=1.12.1",
        "jquery": ">=1.7"
      }
    },
    "foundation-datepicker": {
      "version": "1.5.6",
      "resolved": "https://registry.npmjs.org/foundation-datepicker/-/foundation-datepicker-1.5.6.tgz",
      "integrity": "sha512-f7kAGWJ/NLIStXBeO+bz5jokPZDYBXr30vWDKdmBM+aAoLb5yEM6TO7NwXd4QRKvmUi9F79ZFy+5wQexmIoiDQ=="
    },
    "foundation-sites": {
      "version": "6.7.5",
      "resolved": "https://registry.npmjs.org/foundation-sites/-/foundation-sites-6.7.5.tgz",
      "integrity": "sha512-MEjAENdF/IV2XQvlQmg20o+iDTyyWu0N/j440e8fKbEylbKxARzgg5S7vcnxtjukC1Lqg+rRm7ZDSSyGhVVoUQ==",
      "requires": {}
    },
    "jquery": {
      "version": "3.6.3",
      "resolved": "https://registry.npmjs.org/jquery/-/jquery-3.6.3.tgz",
      "integrity": "sha512-bZ5Sy3YzKo9Fyc8wH2iIQK4JImJ6R0GWI9kL1/k7Z91ZBNgkRXE6U0JfHIizZbort8ZunhSI3jw9I6253ahKfg=="
    },
    "jquery-migrate": {
      "version": "3.4.0",
      "resolved": "https://registry.npmjs.org/jquery-migrate/-/jquery-migrate-3.4.0.tgz",
      "integrity": "sha512-K0W02EhZyqjVpyF5pdi+t238cIfQACzMsXiX4AEfEOxPPfiZZFzf3brtFY21FOOEPiWZF4mH04TXHDE6e2YDyg==",
      "requires": {}
    },
    "motion-ui": {
      "version": "2.0.4",
      "resolved": "https://registry.npmjs.org/motion-ui/-/motion-ui-2.0.4.tgz",
      "integrity": "sha512-7GjtcXXqRHUQGH9Gm8KLbvx9sz5tNGlftsaJ/J5d4q33PzfgKnUm+OynDji4VR3fiZXPT3nMkzBQlZsifYTIOg==",
      "peer": true,
      "requires": {}
    },
    "promise-polyfill": {
      "version": "8.3.0",
      "resolved": "https://registry.npmjs.org/promise-polyfill/-/promise-polyfill-8.3.0.tgz",
      "integrity": "sha512-H5oELycFml5yto/atYqmjyigJoAo3+OXwolYiH7OfQuYlAqhxNvTfiNMbV9hsC6Yp83yE5r2KTVmtrG6R9i6Pg=="
    },
    "sweetalert2": {
      "version": "10.16.9",
      "resolved": "https://registry.npmjs.org/sweetalert2/-/sweetalert2-10.16.9.tgz",
      "integrity": "sha512-oNe+md5tmmS3fGfVHa7gVPlun7Td2oANSacnZCeghnrr3OHBi6UPVPU+GFrymwaDqwQspACilLRmRnM7aTjNPA=="
    },
    "what-input": {
      "version": "5.2.12",
      "resolved": "https://registry.npmjs.org/what-input/-/what-input-5.2.12.tgz",
      "integrity": "sha512-3yrSa7nGSXGJS6wZeSkO6VNm95pB1mZ9i3wFzC1hhY7mn4/afue/MvXz04OXNdBC8bfo4AB4RRd3Dem9jXM58Q=="
    }
  }
}
